// !$*UTF8*$!
{
	archiveVersion = 1;
	classes = {
	};
	objectVersion = 46;
	objects = {

/* Begin PBXBuildFile section */
		D2BDEAE51A4D318C00EF99CA /* main.m in Sources */ = {isa = PBXBuildFile; fileRef = D2BDEAE41A4D318C00EF99CA /* main.m */; };
		D2BDEAE81A4D318C00EF99CA /* AppDelegate.m in Sources */ = {isa = PBXBuildFile; fileRef = D2BDEAE71A4D318C00EF99CA /* AppDelegate.m */; };
		D2BDEAEB1A4D318C00EF99CA /* FirstViewController.m in Sources */ = {isa = PBXBuildFile; fileRef = D2BDEAEA1A4D318C00EF99CA /* FirstViewController.m */; };
		D2BDEAEE1A4D318C00EF99CA /* SecondViewController.m in Sources */ = {isa = PBXBuildFile; fileRef = D2BDEAED1A4D318C00EF99CA /* SecondViewController.m */; };
		D2BDEAF11A4D318C00EF99CA /* Main.storyboard in Resources */ = {isa = PBXBuildFile; fileRef = D2BDEAEF1A4D318C00EF99CA /* Main.storyboard */; };
		D2BDEAF31A4D318C00EF99CA /* Images.xcassets in Resources */ = {isa = PBXBuildFile; fileRef = D2BDEAF21A4D318C00EF99CA /* Images.xcassets */; };
		D2BDEAF61A4D318C00EF99CA /* LaunchScreen.xib in Resources */ = {isa = PBXBuildFile; fileRef = D2BDEAF41A4D318C00EF99CA /* LaunchScreen.xib */; };
		D2BDEB021A4D318C00EF99CA /* submuduleTests.m in Sources */ = {isa = PBXBuildFile; fileRef = D2BDEB011A4D318C00EF99CA /* submuduleTests.m */; };
/* End PBXBuildFile section */

/* Begin PBXContainerItemProxy section */
		D2BDEAFC1A4D318C00EF99CA /* PBXContainerItemProxy */ = {
			isa = PBXContainerItemProxy;
			containerPortal = D2BDEAD71A4D318C00EF99CA /* Project object */;
			proxyType = 1;
			remoteGlobalIDString = D2BDEADE1A4D318C00EF99CA;
			remoteInfo = submudule;
		};
/* End PBXContainerItemProxy section */

/* Begin PBXFileReference section */
		D2BDEADF1A4D318C00EF99CA /* submudule.app */ = {isa = PBXFileReference; explicitFileType = wrapper.application; includeInIndex = 0; path = submudule.app; sourceTree = BUILT_PRODUCTS_DIR; };
		D2BDEAE31A4D318C00EF99CA /* Info.plist */ = {isa = PBXFileReference; lastKnownFileType = text.plist.xml; path = Info.plist; sourceTree = "<group>"; };
		D2BDEAE41A4D318C00EF99CA /* main.m */ = {isa = PBXFileReference; lastKnownFileType = sourcecode.c.objc; path = main.m; sourceTree = "<group>"; };
		D2BDEAE61A4D318C00EF99CA /* AppDelegate.h */ = {isa = PBXFileReference; lastKnownFileType = sourcecode.c.h; path = AppDelegate.h; sourceTree = "<group>"; };
		D2BDEAE71A4D318C00EF99CA /* AppDelegate.m */ = {isa = PBXFileReference; lastKnownFileType = sourcecode.c.objc; path = AppDelegate.m; sourceTree = "<group>"; };
		D2BDEAE91A4D318C00EF99CA /* FirstViewController.h */ = {isa = PBXFileReference; lastKnownFileType = sourcecode.c.h; path = FirstViewController.h; sourceTree = "<group>"; };
		D2BDEAEA1A4D318C00EF99CA /* FirstViewController.m */ = {isa = PBXFileReference; lastKnownFileType = sourcecode.c.objc; path = FirstViewController.m; sourceTree = "<group>"; };
		D2BDEAEC1A4D318C00EF99CA /* SecondViewController.h */ = {isa = PBXFileReference; lastKnownFileType = sourcecode.c.h; path = SecondViewController.h; sourceTree = "<group>"; };
		D2BDEAED1A4D318C00EF99CA /* SecondViewController.m */ = {isa = PBXFileReference; lastKnownFileType = sourcecode.c.objc; path = SecondViewController.m; sourceTree = "<group>"; };
		D2BDEAF01A4D318C00EF99CA /* Base */ = {isa = PBXFileReference; lastKnownFileType = file.storyboard; name = Base; path = Base.lproj/Main.storyboard; sourceTree = "<group>"; };
		D2BDEAF21A4D318C00EF99CA /* Images.xcassets */ = {isa = PBXFileReference; lastKnownFileType = folder.assetcatalog; path = Images.xcassets; sourceTree = "<group>"; };
		D2BDEAF51A4D318C00EF99CA /* Base */ = {isa = PBXFileReference; lastKnownFileType = file.xib; name = Base; path = Base.lproj/LaunchScreen.xib; sourceTree = "<group>"; };
		D2BDEAFB1A4D318C00EF99CA /* submuduleTests.xctest */ = {isa = PBXFileReference; explicitFileType = wrapper.cfbundle; includeInIndex = 0; path = submuduleTests.xctest; sourceTree = BUILT_PRODUCTS_DIR; };
		D2BDEB001A4D318C00EF99CA /* Info.plist */ = {isa = PBXFileReference; lastKnownFileType = text.plist.xml; path = Info.plist; sourceTree = "<group>"; };
		D2BDEB011A4D318C00EF99CA /* submuduleTests.m */ = {isa = PBXFileReference; lastKnownFileType = sourcecode.c.objc; path = submuduleTests.m; sourceTree = "<group>"; };
/* End PBXFileReference section */

/* Begin PBXFrameworksBuildPhase section */
		D2BDEADC1A4D318C00EF99CA /* Frameworks */ = {
			isa = PBXFrameworksBuildPhase;
			buildActionMask = 2147483647;
			files = (
			);
			runOnlyForDeploymentPostprocessing = 0;
		};
		D2BDEAF81A4D318C00EF99CA /* Frameworks */ = {
			isa = PBXFrameworksBuildPhase;
			buildActionMask = 2147483647;
			files = (
			);
			runOnlyForDeploymentPostprocessing = 0;
		};
/* End PBXFrameworksBuildPhase section */

/* Begin PBXGroup section */
		D2BDEAD61A4D318C00EF99CA = {
			isa = PBXGroup;
			children = (
				D2BDEAE11A4D318C00EF99CA /* submudule */,
				D2BDEAFE1A4D318C00EF99CA /* submuduleTests */,
				D2BDEAE01A4D318C00EF99CA /* Products */,
			);
			sourceTree = "<group>";
		};
		D2BDEAE01A4D318C00EF99CA /* Products */ = {
			isa = PBXGroup;
			children = (
				D2BDEADF1A4D318C00EF99CA /* submudule.app */,
				D2BDEAFB1A4D318C00EF99CA /* submuduleTests.xctest */,
			);
			name = Products;
			sourceTree = "<group>";
		};
		D2BDEAE11A4D318C00EF99CA /* submudule */ = {
			isa = PBXGroup;
			children = (
				D2BDEAE61A4D318C00EF99CA /* AppDelegate.h */,
				D2BDEAE71A4D318C00EF99CA /* AppDelegate.m */,
				D2BDEAE91A4D318C00EF99CA /* FirstViewController.h */,
				D2BDEAEA1A4D318C00EF99CA /* FirstViewController.m */,
				D2BDEAEC1A4D318C00EF99CA /* SecondViewController.h */,
				D2BDEAED1A4D318C00EF99CA /* SecondViewController.m */,
				D2BDEAEF1A4D318C00EF99CA /* Main.storyboard */,
				D2BDEAF21A4D318C00EF99CA /* Images.xcassets */,
				D2BDEAF41A4D318C00EF99CA /* LaunchScreen.xib */,
				D2BDEAE21A4D318C00EF99CA /* Supporting Files */,
			);
			path = submudule;
			sourceTree = "<group>";
		};
		D2BDEAE21A4D318C00EF99CA /* Supporting Files */ = {
			isa = PBXGroup;
			children = (
				D2BDEAE31A4D318C00EF99CA /* Info.plist */,
				D2BDEAE41A4D318C00EF99CA /* main.m */,
			);
			name = "Supporting Files";
			sourceTree = "<group>";
		};
		D2BDEAFE1A4D318C00EF99CA /* submuduleTests */ = {
			isa = PBXGroup;
			children = (
				D2BDEB011A4D318C00EF99CA /* submuduleTests.m */,
				D2BDEAFF1A4D318C00EF99CA /* Supporting Files */,
			);
			path = submuduleTests;
			sourceTree = "<group>";
		};
		D2BDEAFF1A4D318C00EF99CA /* Supporting Files */ = {
			isa = PBXGroup;
			children = (
				D2BDEB001A4D318C00EF99CA /* Info.plist */,
			);
			name = "Supporting Files";
			sourceTree = "<group>";
		};
/* End PBXGroup section */

/* Begin PBXNativeTarget section */
		D2BDEADE1A4D318C00EF99CA /* submudule */ = {
			isa = PBXNativeTarget;
			buildConfigurationList = D2BDEB051A4D318C00EF99CA /* Build configuration list for PBXNativeTarget "submudule" */;
			buildPhases = (
				D2BDEADB1A4D318C00EF99CA /* Sources */,
				D2BDEADC1A4D318C00EF99CA /* Frameworks */,
				D2BDEADD1A4D318C00EF99CA /* Resources */,
			);
			buildRules = (
			);
			dependencies = (
			);
			name = submudule;
			productName = submudule;
			productReference = D2BDEADF1A4D318C00EF99CA /* submudule.app */;
			productType = "com.apple.product-type.application";
		};
		D2BDEAFA1A4D318C00EF99CA /* submuduleTests */ = {
			isa = PBXNativeTarget;
			buildConfigurationList = D2BDEB081A4D318C00EF99CA /* Build configuration list for PBXNativeTarget "submuduleTests" */;
			buildPhases = (
				D2BDEAF71A4D318C00EF99CA /* Sources */,
				D2BDEAF81A4D318C00EF99CA /* Frameworks */,
				D2BDEAF91A4D318C00EF99CA /* Resources */,
			);
			buildRules = (
			);
			dependencies = (
				D2BDEAFD1A4D318C00EF99CA /* PBXTargetDependency */,
			);
			name = submuduleTests;
			productName = submuduleTests;
			productReference = D2BDEAFB1A4D318C00EF99CA /* submuduleTests.xctest */;
			productType = "com.apple.product-type.bundle.unit-test";
		};
/* End PBXNativeTarget section */

/* Begin PBXProject section */
		D2BDEAD71A4D318C00EF99CA /* Project object */ = {
			isa = PBXProject;
			attributes = {
				LastUpgradeCheck = 0610;
				ORGANIZATIONNAME = thoughtworks;
				TargetAttributes = {
					D2BDEADE1A4D318C00EF99CA = {
						CreatedOnToolsVersion = 6.1.1;
					};
					D2BDEAFA1A4D318C00EF99CA = {
						CreatedOnToolsVersion = 6.1.1;
						TestTargetID = D2BDEADE1A4D318C00EF99CA;
					};
				};
			};
			buildConfigurationList = D2BDEADA1A4D318C00EF99CA /* Build configuration list for PBXProject "submudule" */;
			compatibilityVersion = "Xcode 3.2";
			developmentRegion = English;
			hasScannedForEncodings = 0;
			knownRegions = (
				en,
				Base,
			);
			mainGroup = D2BDEAD61A4D318C00EF99CA;
			productRefGroup = D2BDEAE01A4D318C00EF99CA /* Products */;
			projectDirPath = "";
			projectRoot = "";
			targets = (
				D2BDEADE1A4D318C00EF99CA /* submudule */,
				D2BDEAFA1A4D318C00EF99CA /* submuduleTests */,
			);
		};
/* End PBXProject section */

/* Begin PBXResourcesBuildPhase section */
		D2BDEADD1A4D318C00EF99CA /* Resources */ = {
			isa = PBXResourcesBuildPhase;
			buildActionMask = 2147483647;
			files = (
				D2BDEAF11A4D318C00EF99CA /* Main.storyboard in Resources */,
				D2BDEAF61A4D318C00EF99CA /* LaunchScreen.xib in Resources */,
				D2BDEAF31A4D318C00EF99CA /* Images.xcassets in Resources */,
			);
			runOnlyForDeploymentPostprocessing = 0;
		};
		D2BDEAF91A4D318C00EF99CA /* Resources */ = {
			isa = PBXResourcesBuildPhase;
			buildActionMask = 2147483647;
			files = (
			);
			runOnlyForDeploymentPostprocessing = 0;
		};
/* End PBXResourcesBuildPhase section */

/* Begin PBXSourcesBuildPhase section */
		D2BDEADB1A4D318C00EF99CA /* Sources */ = {
			isa = PBXSourcesBuildPhase;
			buildActionMask = 2147483647;
			files = (
				D2BDEAEE1A4D318C00EF99CA /* SecondViewController.m in Sources */,
				D2BDEAE81A4D318C00EF99CA /* AppDelegate.m in Sources */,
				D2BDEAEB1A4D318C00EF99CA /* FirstViewController.m in Sources */,
				D2BDEAE51A4D318C00EF99CA /* main.m in Sources */,
			);
			runOnlyForDeploymentPostprocessing = 0;
		};
		D2BDEAF71A4D318C00EF99CA /* Sources */ = {
			isa = PBXSourcesBuildPhase;
			buildActionMask = 2147483647;
			files = (
				D2BDEB021A4D318C00EF99CA /* submuduleTests.m in Sources */,
			);
			runOnlyForDeploymentPostprocessing = 0;
		};
/* End PBXSourcesBuildPhase section */

/* Begin PBXTargetDependency section */
		D2BDEAFD1A4D318C00EF99CA /* PBXTargetDependency */ = {
			isa = PBXTargetDependency;
			target = D2BDEADE1A4D318C00EF99CA /* submudule */;
			targetProxy = D2BDEAFC1A4D318C00EF99CA /* PBXContainerItemProxy */;
		};
/* End PBXTargetDependency section */

/* Begin PBXVariantGroup section */
		D2BDEAEF1A4D318C00EF99CA /* Main.storyboard */ = {
			isa = PBXVariantGroup;
			children = (
				D2BDEAF01A4D318C00EF99CA /* Base */,
			);
			name = Main.storyboard;
			sourceTree = "<group>";
		};
		D2BDEAF41A4D318C00EF99CA /* LaunchScreen.xib */ = {
			isa = PBXVariantGroup;
			children = (
				D2BDEAF51A4D318C00EF99CA /* Base */,
			);
			name = LaunchScreen.xib;
			sourceTree = "<group>";
		};
/* End PBXVariantGroup section */

/* Begin XCBuildConfiguration section */
		D2BDEB031A4D318C00EF99CA /* Debug */ = {
			isa = XCBuildConfiguration;
			buildSettings = {
				ALWAYS_SEARCH_USER_PATHS = NO;
				CLANG_CXX_LANGUAGE_STANDARD = "gnu++0x";
				CLANG_CXX_LIBRARY = "libc++";
				CLANG_ENABLE_MODULES = YES;
				CLANG_ENABLE_OBJC_ARC = YES;
				CLANG_WARN_BOOL_CONVERSION = YES;
				CLANG_WARN_CONSTANT_CONVERSION = YES;
				CLANG_WARN_DIRECT_OBJC_ISA_USAGE = YES_ERROR;
				CLANG_WARN_EMPTY_BODY = YES;
				CLANG_WARN_ENUM_CONVERSION = YES;
				CLANG_WARN_INT_CONVERSION = YES;
				CLANG_WARN_OBJC_ROOT_CLASS = YES_ERROR;
				CLANG_WARN_UNREACHABLE_CODE = YES;
				CLANG_WARN__DUPLICATE_METHOD_MATCH = YES;
				"CODE_SIGN_IDENTITY[sdk=iphoneos*]" = "iPhone Developer";
				COPY_PHASE_STRIP = NO;
				ENABLE_STRICT_OBJC_MSGSEND = YES;
				GCC_C_LANGUAGE_STANDARD = gnu99;
				GCC_DYNAMIC_NO_PIC = NO;
				GCC_OPTIMIZATION_LEVEL = 0;
				GCC_PREPROCESSOR_DEFINITIONS = (
					"DEBUG=1",
					"$(inherited)",
				);
				GCC_SYMBOLS_PRIVATE_EXTERN = NO;
				GCC_WARN_64_TO_32_BIT_CONVERSION = YES;
				GCC_WARN_ABOUT_RETURN_TYPE = YES_ERROR;
				GCC_WARN_UNDECLARED_SELECTOR = YES;
				GCC_WARN_UNINITIALIZED_AUTOS = YES_AGGRESSIVE;
				GCC_WARN_UNUSED_FUNCTION = YES;
				GCC_WARN_UNUSED_VARIABLE = YES;
				IPHONEOS_DEPLOYMENT_TARGET = 8.1;
				MTL_ENABLE_DEBUG_INFO = YES;
				ONLY_ACTIVE_ARCH = YES;
				SDKROOT = iphoneos;
			};
			name = Debug;
		};
		D2BDEB041A4D318C00EF99CA /* Release */ = {
			isa = XCBuildConfiguration;
			buildSettings = {
				ALWAYS_SEARCH_USER_PATHS = NO;
				CLANG_CXX_LANGUAGE_STANDARD = "gnu++0x";
				CLANG_CXX_LIBRARY = "libc++";
				CLANG_ENABLE_MODULES = YES;
				CLANG_ENABLE_OBJC_ARC = YES;
				CLANG_WARN_BOOL_CONVERSION = YES;
				CLANG_WARN_CONSTANT_CONVERSION = YES;
				CLANG_WARN_DIRECT_OBJC_ISA_USAGE = YES_ERROR;
				CLANG_WARN_EMPTY_BODY = YES;
				CLANG_WARN_ENUM_CONVERSION = YES;
				CLANG_WARN_INT_CONVERSION = YES;
				CLANG_WARN_OBJC_ROOT_CLASS = YES_ERROR;
				CLANG_WARN_UNREACHABLE_CODE = YES;
				CLANG_WARN__DUPLICATE_METHOD_MATCH = YES;
				"CODE_SIGN_IDENTITY[sdk=iphoneos*]" = "iPhone Developer";
				COPY_PHASE_STRIP = YES;
				ENABLE_NS_ASSERTIONS = NO;
				ENABLE_STRICT_OBJC_MSGSEND = YES;
				GCC_C_LANGUAGE_STANDARD = gnu99;
				GCC_WARN_64_TO_32_BIT_CONVERSION = YES;
				GCC_WARN_ABOUT_RETURN_TYPE = YES_ERROR;
				GCC_WARN_UNDECLARED_SELECTOR = YES;
				GCC_WARN_UNINITIALIZED_AUTOS = YES_AGGRESSIVE;
				GCC_WARN_UNUSED_FUNCTION = YES;
				GCC_WARN_UNUSED_VARIABLE = YES;
				IPHONEOS_DEPLOYMENT_TARGET = 8.1;
				MTL_ENABLE_DEBUG_INFO = NO;
				SDKROOT = iphoneos;
				VALIDATE_PRODUCT = YES;
			};
			name = Release;
		};
		D2BDEB061A4D318C00EF99CA /* Debug */ = {
			isa = XCBuildConfiguration;
			buildSettings = {
				ASSETCATALOG_COMPILER_APPICON_NAME = AppIcon;
				INFOPLIST_FILE = submudule/Info.plist;
				LD_RUNPATH_SEARCH_PATHS = "$(inherited) @executable_path/Frameworks";
				PRODUCT_NAME = "$(TARGET_NAME)";
			};
			name = Debug;
		};
		D2BDEB071A4D318C00EF99CA /* Release */ = {
			isa = XCBuildConfiguration;
			buildSettings = {
				ASSETCATALOG_COMPILER_APPICON_NAME = AppIcon;
				INFOPLIST_FILE = submudule/Info.plist;
				LD_RUNPATH_SEARCH_PATHS = "$(inherited) @executable_path/Frameworks";
				PRODUCT_NAME = "$(TARGET_NAME)";
			};
			name = Release;
		};
		D2BDEB091A4D318C00EF99CA /* Debug */ = {
			isa = XCBuildConfiguration;
			buildSettings = {
				BUNDLE_LOADER = "$(TEST_HOST)";
				FRAMEWORK_SEARCH_PATHS = (
					"$(SDKROOT)/Developer/Library/Frameworks",
					"$(inherited)",
				);
				GCC_PREPROCESSOR_DEFINITIONS = (
					"DEBUG=1",
					"$(inherited)",
				);
				INFOPLIST_FILE = submuduleTests/Info.plist;
				LD_RUNPATH_SEARCH_PATHS = "$(inherited) @executable_path/Frameworks @loader_path/Frameworks";
				PRODUCT_NAME = "$(TARGET_NAME)";
				TEST_HOST = "$(BUILT_PRODUCTS_DIR)/submudule.app/submudule";
			};
			name = Debug;
		};
		D2BDEB0A1A4D318C00EF99CA /* Release */ = {
			isa = XCBuildConfiguration;
			buildSettings = {
				BUNDLE_LOADER = "$(TEST_HOST)";
				FRAMEWORK_SEARCH_PATHS = (
					"$(SDKROOT)/Developer/Library/Frameworks",
					"$(inherited)",
				);
				INFOPLIST_FILE = submuduleTests/Info.plist;
				LD_RUNPATH_SEARCH_PATHS = "$(inherited) @executable_path/Frameworks @loader_path/Frameworks";
				PRODUCT_NAME = "$(TARGET_NAME)";
				TEST_HOST = "$(BUILT_PRODUCTS_DIR)/submudule.app/submudule";
			};
			name = Release;
		};
/* End XCBuildConfiguration section */

/* Begin XCConfigurationList section */
		D2BDEADA1A4D318C00EF99CA /* Build configuration list for PBXProject "submudule" */ = {
			isa = XCConfigurationList;
			buildConfigurations = (
				D2BDEB031A4D318C00EF99CA /* Debug */,
				D2BDEB041A4D318C00EF99CA /* Release */,
			);
			defaultConfigurationIsVisible = 0;
			defaultConfigurationName = Release;
		};
		D2BDEB051A4D318C00EF99CA /* Build configuration list for PBXNativeTarget "submudule" */ = {
			isa = XCConfigurationList;
			buildConfigurations = (
				D2BDEB061A4D318C00EF99CA /* Debug */,
				D2BDEB071A4D318C00EF99CA /* Release */,
			);
			defaultConfigurationIsVisible = 0;
		};
		D2BDEB081A4D318C00EF99CA /* Build configuration list for PBXNativeTarget "submuduleTests" */ = {
			isa = XCConfigurationList;
			buildConfigurations = (
				D2BDEB091A4D318C00EF99CA /* Debug */,
				D2BDEB0A1A4D318C00EF99CA /* Release */,
			);
			defaultConfigurationIsVisible = 0;
		};
/* End XCConfigurationList section */
	};
	rootObject = D2BDEAD71A4D318C00EF99CA /* Project object */;
}
